
Microsoft Visual Studio Solution File, Format Version 12.00
# Visual Studio Version 17
VisualStudioVersion = 17.10.35013.160
MinimumVisualStudioVersion = 10.0.40219.1
Project("{FAE04EC0-301F-11D3-BF4B-00C04F79EFBC}") = "RepoDemo", "RepoDemo.csproj", "{6A80E241-DAE4-444F-B0FD-D762E7435B8D}"
EndProject
Project("{FAE04EC0-301F-11D3-BF4B-00C04F79EFBC}") = "Service", "..\Service\Service.csproj", "{5D3E7F4C-9F64-416F-AB0D-483BE19E9215}"
EndProject
Project("{FAE04EC0-301F-11D3-BF4B-00C04F79EFBC}") = "DataAccess", "..\DataAccess\DataAccess.csproj", "{DC621828-1EDA-479E-9F07-49BB57BB6A27}"
EndProject
Global
	GlobalSection(SolutionConfigurationPlatforms) = preSolution
		Debug|Any CPU = Debug|Any CPU
		Release|Any CPU = Release|Any CPU
	EndGlobalSection
	GlobalSection(ProjectConfigurationPlatforms) = postSolution
		{6A80E241-DAE4-444F-B0FD-D762E7435B8D}.Debug|Any CPU.ActiveCfg = Debug|Any CPU
		{6A80E241-DAE4-444F-B0FD-D762E7435B8D}.Debug|Any CPU.Build.0 = Debug|Any CPU
		{6A80E241-DAE4-444F-B0FD-D762E7435B8D}.Release|Any CPU.ActiveCfg = Release|Any CPU
		{6A80E241-DAE4-444F-B0FD-D762E7435B8D}.Release|Any CPU.Build.0 = Release|Any CPU
		{5D3E7F4C-9F64-416F-AB0D-483BE19E9215}.Debug|Any CPU.ActiveCfg = Debug|Any CPU
		{5D3E7F4C-9F64-416F-AB0D-483BE19E9215}.Debug|Any CPU.Build.0 = Debug|Any CPU
		{5D3E7F4C-9F64-416F-AB0D-483BE19E9215}.Release|Any CPU.ActiveCfg = Release|Any CPU
		{5D3E7F4C-9F64-416F-AB0D-483BE19E9215}.Release|Any CPU.Build.0 = Release|Any CPU
		{DC621828-1EDA-479E-9F07-49BB57BB6A27}.Debug|Any CPU.ActiveCfg = Debug|Any CPU
		{DC621828-1EDA-479E-9F07-49BB57BB6A27}.Debug|Any CPU.Build.0 = Debug|Any CPU
		{DC621828-1EDA-479E-9F07-49BB57BB6A27}.Release|Any CPU.ActiveCfg = Release|Any CPU
		{DC621828-1EDA-479E-9F07-49BB57BB6A27}.Release|Any CPU.Build.0 = Release|Any CPU
	EndGlobalSection
	GlobalSection(SolutionProperties) = preSolution
		HideSolutionNode = FALSE
	EndGlobalSection
	GlobalSection(ExtensibilityGlobals) = postSolution
		SolutionGuid = {5EFD0D89-7A7E-45FE-8B6C-CF0E773FB48F}
	EndGlobalSection
EndGlobal
